<?xml version="1.0" encoding="utf-8"?>
<Project ToolsVersion="4.0" xmlns="http://schemas.microsoft.com/developer/msbuild/2003">
  <ItemGroup>
    <Filter Include="Fichiers d%27en-tête">
      <UniqueIdentifier>{93995380-89BD-4b04-88EB-625FBE52EBFB}</UniqueIdentifier>
      <Extensions>h;hh;hpp;hxx;h++;hm;inl;inc;ipp;xsd</Extensions>
    </Filter>
    <Filter Include="Fichiers de ressources">
      <UniqueIdentifier>{67DA6AB6-F800-4c08-8B7A-83BB121AAD01}</UniqueIdentifier>
      <Extensions>rc;ico;cur;bmp;dlg;rc2;rct;bin;rgs;gif;jpg;jpeg;jpe;resx;tiff;tif;png;wav;mfcribbon-ms</Extensions>
    </Filter>
    <Filter Include="Couche Composants">
      <UniqueIdentifier>{02124dd2-4b82-46dd-ac22-be62b8ba04f6}</UniqueIdentifier>
    </Filter>
    <Filter Include="Couche service">
      <UniqueIdentifier>{0c890d81-8e27-4715-9ab9-b15dc7806a3a}</UniqueIdentifier>
    </Filter>
    <Filter Include="Fichiers sources">
      <UniqueIdentifier>{4FC737F1-C7A5-4376-A066-2A32D752A2FF}</UniqueIdentifier>
      <Extensions>cpp;c;cc;cxx;c++;cppm;ixx;def;odl;idl;hpj;bat;asm;asmx</Extensions>
    </Filter>
  </ItemGroup>
  <ItemGroup>
    <ClCompile Include="CAD.cpp">
      <Filter>Couche Composants</Filter>
    </ClCompile>
    <ClCompile Include="Adresse.cpp">
      <Filter>Couche Composants</Filter>
    </ClCompile>
    <ClCompile Include="Choisir.cpp">
      <Filter>Couche Composants</Filter>
    </ClCompile>
    <ClCompile Include="Client.cpp">
      <Filter>Couche Composants</Filter>
    </ClCompile>
    <ClCompile Include="Commande.cpp">
      <Filter>Couche Composants</Filter>
    </ClCompile>
    <ClCompile Include="Paiement.cpp">
      <Filter>Couche Composants</Filter>
    </ClCompile>
    <ClCompile Include="Personne.cpp">
      <Filter>Couche Composants</Filter>
    </ClCompile>
    <ClCompile Include="Personnel.cpp">
      <Filter>Couche Composants</Filter>
    </ClCompile>
    <ClCompile Include="Ville.cpp">
      <Filter>Couche Composants</Filter>
    </ClCompile>
    <ClCompile Include="Vivre.cpp">
      <Filter>Couche Composants</Filter>
    </ClCompile>
    <ClCompile Include="Article.cpp">
      <Filter>Couche Composants</Filter>
    </ClCompile>
    <ClCompile Include="SVC_Gclient.cpp">
      <Filter>Couche service</Filter>
    </ClCompile>
    <ClCompile Include="ClientForm.cpp">
      <Filter>Fichiers sources</Filter>
    </ClCompile>
    <ClCompile Include="CommandeForm.cpp">
      <Filter>Fichiers sources</Filter>
    </ClCompile>
    <ClCompile Include="MAYSElectronics.cpp">
      <Filter>Fichiers sources</Filter>
    </ClCompile>
    <ClCompile Include="PersonnelForm.cpp">
      <Filter>Fichiers sources</Filter>
    </ClCompile>
    <ClCompile Include="StatistiqueForm.cpp">
      <Filter>Fichiers sources</Filter>
    </ClCompile>
    <ClCompile Include="StockForm.cpp">
      <Filter>Fichiers sources</Filter>
    </ClCompile>
    <ClCompile Include="SVC_Gemploye.cpp">
      <Filter>Couche service</Filter>
    </ClCompile>
    <ClCompile Include="SVC_Gcommande.cpp">
      <Filter>Couche service</Filter>
    </ClCompile>
    <ClCompile Include="SVC_Gstock.cpp">
      <Filter>Couche service</Filter>
    </ClCompile>
    <ClCompile Include="SVC_Gstatistique.cpp">
      <Filter>Couche service</Filter>
    </ClCompile>
  </ItemGroup>
  <ItemGroup>
    <ClInclude Include="MAYSElectronics.h">
      <Filter>Fichiers d%27en-tête</Filter>
    </ClInclude>
    <ClInclude Include="Adresse.h">
      <Filter>Couche Composants</Filter>
    </ClInclude>
    <ClInclude Include="CAD.h">
      <Filter>Couche Composants</Filter>
    </ClInclude>
    <ClInclude Include="Choisir.h">
      <Filter>Couche Composants</Filter>
    </ClInclude>
    <ClInclude Include="Client.h">
      <Filter>Couche Composants</Filter>
    </ClInclude>
    <ClInclude Include="Commande.h">
      <Filter>Couche Composants</Filter>
    </ClInclude>
    <ClInclude Include="Paiement.h">
      <Filter>Couche Composants</Filter>
    </ClInclude>
    <ClInclude Include="Personne.h">
      <Filter>Couche Composants</Filter>
    </ClInclude>
    <ClInclude Include="Personnel.h">
      <Filter>Couche Composants</Filter>
    </ClInclude>
    <ClInclude Include="Ville.h">
      <Filter>Couche Composants</Filter>
    </ClInclude>
    <ClInclude Include="Vivre.h">
      <Filter>Couche Composants</Filter>
    </ClInclude>
    <ClInclude Include="Article.h">
      <Filter>Couche Composants</Filter>
    </ClInclude>
    <ClInclude Include="ClientForm.h">
      <Filter>Fichiers d%27en-tête</Filter>
    </ClInclude>
    <ClInclude Include="CommandeForm.h">
      <Filter>Fichiers d%27en-tête</Filter>
    </ClInclude>
    <ClInclude Include="PersonnelForm.h">
      <Filter>Fichiers d%27en-tête</Filter>
    </ClInclude>
    <ClInclude Include="StatistiqueForm.h">
      <Filter>Fichiers d%27en-tête</Filter>
    </ClInclude>
    <ClInclude Include="StockForm.h">
      <Filter>Fichiers d%27en-tête</Filter>
    </ClInclude>
    <ClInclude Include="SVC_Gclient.h">
      <Filter>Couche service</Filter>
    </ClInclude>
    <ClInclude Include="SVC_Gemploye.h">
      <Filter>Couche service</Filter>
    </ClInclude>
    <ClInclude Include="SVC_Gcommande.h">
      <Filter>Couche service</Filter>
    </ClInclude>
    <ClInclude Include="SVC_Gstock.h">
      <Filter>Couche service</Filter>
    </ClInclude>
    <ClInclude Include="SVC_Gstatistique.h">
      <Filter>Couche service</Filter>
    </ClInclude>
  </ItemGroup>
</Project>